
Microsoft Visual Studio Solution File, Format Version 12.00
# Visual Studio Version 16
VisualStudioVersion = 16.0.31829.152
MinimumVisualStudioVersion = 10.0.40219.1
Project("{2150E333-8FDC-42A3-9474-1A3956D46DE8}") = "EnterpriseBusinessRules", "EnterpriseBusinessRules", "{48B7C9F8-454E-4BDD-B116-C6DFAEE26B6A}"
EndProject
Project("{2150E333-8FDC-42A3-9474-1A3956D46DE8}") = "ApplicationBusinessRules", "ApplicationBusinessRules", "{1CD122ED-F92F-44AA-80F6-48679784D605}"
EndProject
Project("{2150E333-8FDC-42A3-9474-1A3956D46DE8}") = "InterfaceAdapters", "InterfaceAdapters", "{94AA0033-BCC8-4C26-AA7D-9062D860C177}"
EndProject
Project("{2150E333-8FDC-42A3-9474-1A3956D46DE8}") = "FrameworksAndDrivers", "FrameworksAndDrivers", "{778DDB83-DA59-4794-8F0A-AAFCB50479EA}"
EndProject
Project("{9A19103F-16F7-4668-BE54-9A1E7A4F7556}") = "NorthWind.Entities", "NorthWind.Entities\NorthWind.Entities.csproj", "{D352807C-2D6A-4D77-8626-9FE818E0AD5C}"
EndProject
Project("{2150E333-8FDC-42A3-9474-1A3956D46DE8}") = "Gateways", "Gateways", "{87439E80-1E1B-4BAB-946D-8F5272575338}"
EndProject
Project("{9A19103F-16F7-4668-BE54-9A1E7A4F7556}") = "NorthWind.Repositories.EFCore", "NorthWind.Repositories.EFCore\NorthWind.Repositories.EFCore.csproj", "{A919930C-09DA-43F8-9171-E272398DF326}"
EndProject
Project("{9A19103F-16F7-4668-BE54-9A1E7A4F7556}") = "NorthWind.UseCasesDTOs", "NorthWind.UseCasesDTOs\NorthWind.UseCasesDTOs.csproj", "{B91E83F7-EA15-435F-BEDE-ADE03532E6BA}"
EndProject
Project("{9A19103F-16F7-4668-BE54-9A1E7A4F7556}") = "NorthWind.UseCases", "NorthWind.UseCases\NorthWind.UseCases.csproj", "{5A43CC6D-2C25-4D8D-8BFA-AF571EE83191}"
EndProject
Project("{9A19103F-16F7-4668-BE54-9A1E7A4F7556}") = "NorthWind.IoC", "NorthWind.IoC\NorthWind.IoC.csproj", "{03E30F63-E249-47DA-B8BD-5017160EDD9C}"
EndProject
Project("{2150E333-8FDC-42A3-9474-1A3956D46DE8}") = "Presenters", "Presenters", "{305B3560-7B64-45F7-BB1F-8D1DB5BD8922}"
EndProject
Project("{9A19103F-16F7-4668-BE54-9A1E7A4F7556}") = "NorthWind.WebExceptionsPresenter", "NorthWind.WebExceptionsPresenter\NorthWind.WebExceptionsPresenter.csproj", "{AF5233E9-D120-4035-9F7A-CE61F69F2A24}"
EndProject
Project("{9A19103F-16F7-4668-BE54-9A1E7A4F7556}") = "NorthWind.Presenters", "NorthWind.Presenters\NorthWind.Presenters.csproj", "{9F2A6124-5DD3-46EF-82F7-0BFF95213BF0}"
EndProject
Project("{2150E333-8FDC-42A3-9474-1A3956D46DE8}") = "Controllers", "Controllers", "{B481191D-BAB2-4A0F-84F8-F64C7E2C05C5}"
EndProject
Project("{9A19103F-16F7-4668-BE54-9A1E7A4F7556}") = "NorthWind.Controllers", "NorthWind.Controllers\NorthWind.Controllers.csproj", "{627957D4-A5D8-4328-94E0-E701BC246FE5}"
EndProject
Project("{2150E333-8FDC-42A3-9474-1A3956D46DE8}") = "UI", "UI", "{9EDFA9C2-752A-412F-953C-70597637F0E3}"
EndProject
Project("{9A19103F-16F7-4668-BE54-9A1E7A4F7556}") = "NorthWind.WebApi", "NorthWind.WebApi\NorthWind.WebApi.csproj", "{F9BF05CB-2DED-4D63-8EC8-D2C609EDB8CA}"
EndProject
Project("{FAE04EC0-301F-11D3-BF4B-00C04F79EFBC}") = "NorthWind.UseCasesPorts", "NorthWind.UseCasesPorts\NorthWind.UseCasesPorts.csproj", "{92E62C74-5703-4AA9-8E92-B15F909B4376}"
EndProject
Global
	GlobalSection(SolutionConfigurationPlatforms) = preSolution
		Debug|Any CPU = Debug|Any CPU
		Release|Any CPU = Release|Any CPU
	EndGlobalSection
	GlobalSection(ProjectConfigurationPlatforms) = postSolution
		{D352807C-2D6A-4D77-8626-9FE818E0AD5C}.Debug|Any CPU.ActiveCfg = Debug|Any CPU
		{D352807C-2D6A-4D77-8626-9FE818E0AD5C}.Debug|Any CPU.Build.0 = Debug|Any CPU
		{D352807C-2D6A-4D77-8626-9FE818E0AD5C}.Release|Any CPU.ActiveCfg = Release|Any CPU
		{D352807C-2D6A-4D77-8626-9FE818E0AD5C}.Release|Any CPU.Build.0 = Release|Any CPU
		{A919930C-09DA-43F8-9171-E272398DF326}.Debug|Any CPU.ActiveCfg = Debug|Any CPU
		{A919930C-09DA-43F8-9171-E272398DF326}.Debug|Any CPU.Build.0 = Debug|Any CPU
		{A919930C-09DA-43F8-9171-E272398DF326}.Release|Any CPU.ActiveCfg = Release|Any CPU
		{A919930C-09DA-43F8-9171-E272398DF326}.Release|Any CPU.Build.0 = Release|Any CPU
		{B91E83F7-EA15-435F-BEDE-ADE03532E6BA}.Debug|Any CPU.ActiveCfg = Debug|Any CPU
		{B91E83F7-EA15-435F-BEDE-ADE03532E6BA}.Debug|Any CPU.Build.0 = Debug|Any CPU
		{B91E83F7-EA15-435F-BEDE-ADE03532E6BA}.Release|Any CPU.ActiveCfg = Release|Any CPU
		{B91E83F7-EA15-435F-BEDE-ADE03532E6BA}.Release|Any CPU.Build.0 = Release|Any CPU
		{5A43CC6D-2C25-4D8D-8BFA-AF571EE83191}.Debug|Any CPU.ActiveCfg = Debug|Any CPU
		{5A43CC6D-2C25-4D8D-8BFA-AF571EE83191}.Debug|Any CPU.Build.0 = Debug|Any CPU
		{5A43CC6D-2C25-4D8D-8BFA-AF571EE83191}.Release|Any CPU.ActiveCfg = Release|Any CPU
		{5A43CC6D-2C25-4D8D-8BFA-AF571EE83191}.Release|Any CPU.Build.0 = Release|Any CPU
		{03E30F63-E249-47DA-B8BD-5017160EDD9C}.Debug|Any CPU.ActiveCfg = Debug|Any CPU
		{03E30F63-E249-47DA-B8BD-5017160EDD9C}.Debug|Any CPU.Build.0 = Debug|Any CPU
		{03E30F63-E249-47DA-B8BD-5017160EDD9C}.Release|Any CPU.ActiveCfg = Release|Any CPU
		{03E30F63-E249-47DA-B8BD-5017160EDD9C}.Release|Any CPU.Build.0 = Release|Any CPU
		{AF5233E9-D120-4035-9F7A-CE61F69F2A24}.Debug|Any CPU.ActiveCfg = Debug|Any CPU
		{AF5233E9-D120-4035-9F7A-CE61F69F2A24}.Debug|Any CPU.Build.0 = Debug|Any CPU
		{AF5233E9-D120-4035-9F7A-CE61F69F2A24}.Release|Any CPU.ActiveCfg = Release|Any CPU
		{AF5233E9-D120-4035-9F7A-CE61F69F2A24}.Release|Any CPU.Build.0 = Release|Any CPU
		{9F2A6124-5DD3-46EF-82F7-0BFF95213BF0}.Debug|Any CPU.ActiveCfg = Debug|Any CPU
		{9F2A6124-5DD3-46EF-82F7-0BFF95213BF0}.Debug|Any CPU.Build.0 = Debug|Any CPU
		{9F2A6124-5DD3-46EF-82F7-0BFF95213BF0}.Release|Any CPU.ActiveCfg = Release|Any CPU
		{9F2A6124-5DD3-46EF-82F7-0BFF95213BF0}.Release|Any CPU.Build.0 = Release|Any CPU
		{627957D4-A5D8-4328-94E0-E701BC246FE5}.Debug|Any CPU.ActiveCfg = Debug|Any CPU
		{627957D4-A5D8-4328-94E0-E701BC246FE5}.Debug|Any CPU.Build.0 = Debug|Any CPU
		{627957D4-A5D8-4328-94E0-E701BC246FE5}.Release|Any CPU.ActiveCfg = Release|Any CPU
		{627957D4-A5D8-4328-94E0-E701BC246FE5}.Release|Any CPU.Build.0 = Release|Any CPU
		{F9BF05CB-2DED-4D63-8EC8-D2C609EDB8CA}.Debug|Any CPU.ActiveCfg = Debug|Any CPU
		{F9BF05CB-2DED-4D63-8EC8-D2C609EDB8CA}.Debug|Any CPU.Build.0 = Debug|Any CPU
		{F9BF05CB-2DED-4D63-8EC8-D2C609EDB8CA}.Release|Any CPU.ActiveCfg = Release|Any CPU
		{F9BF05CB-2DED-4D63-8EC8-D2C609EDB8CA}.Release|Any CPU.Build.0 = Release|Any CPU
		{92E62C74-5703-4AA9-8E92-B15F909B4376}.Debug|Any CPU.ActiveCfg = Debug|Any CPU
		{92E62C74-5703-4AA9-8E92-B15F909B4376}.Debug|Any CPU.Build.0 = Debug|Any CPU
		{92E62C74-5703-4AA9-8E92-B15F909B4376}.Release|Any CPU.ActiveCfg = Release|Any CPU
		{92E62C74-5703-4AA9-8E92-B15F909B4376}.Release|Any CPU.Build.0 = Release|Any CPU
	EndGlobalSection
	GlobalSection(SolutionProperties) = preSolution
		HideSolutionNode = FALSE
	EndGlobalSection
	GlobalSection(NestedProjects) = preSolution
		{D352807C-2D6A-4D77-8626-9FE818E0AD5C} = {48B7C9F8-454E-4BDD-B116-C6DFAEE26B6A}
		{87439E80-1E1B-4BAB-946D-8F5272575338} = {94AA0033-BCC8-4C26-AA7D-9062D860C177}
		{A919930C-09DA-43F8-9171-E272398DF326} = {87439E80-1E1B-4BAB-946D-8F5272575338}
		{B91E83F7-EA15-435F-BEDE-ADE03532E6BA} = {1CD122ED-F92F-44AA-80F6-48679784D605}
		{5A43CC6D-2C25-4D8D-8BFA-AF571EE83191} = {1CD122ED-F92F-44AA-80F6-48679784D605}
		{03E30F63-E249-47DA-B8BD-5017160EDD9C} = {94AA0033-BCC8-4C26-AA7D-9062D860C177}
		{305B3560-7B64-45F7-BB1F-8D1DB5BD8922} = {94AA0033-BCC8-4C26-AA7D-9062D860C177}
		{AF5233E9-D120-4035-9F7A-CE61F69F2A24} = {305B3560-7B64-45F7-BB1F-8D1DB5BD8922}
		{9F2A6124-5DD3-46EF-82F7-0BFF95213BF0} = {305B3560-7B64-45F7-BB1F-8D1DB5BD8922}
		{B481191D-BAB2-4A0F-84F8-F64C7E2C05C5} = {94AA0033-BCC8-4C26-AA7D-9062D860C177}
		{627957D4-A5D8-4328-94E0-E701BC246FE5} = {B481191D-BAB2-4A0F-84F8-F64C7E2C05C5}
		{9EDFA9C2-752A-412F-953C-70597637F0E3} = {778DDB83-DA59-4794-8F0A-AAFCB50479EA}
		{F9BF05CB-2DED-4D63-8EC8-D2C609EDB8CA} = {9EDFA9C2-752A-412F-953C-70597637F0E3}
		{92E62C74-5703-4AA9-8E92-B15F909B4376} = {1CD122ED-F92F-44AA-80F6-48679784D605}
	EndGlobalSection
	GlobalSection(ExtensibilityGlobals) = postSolution
		SolutionGuid = {ED1A87C7-89AA-47F3-B7AB-EF64DBF15598}
	EndGlobalSection
EndGlobal
